github.com/crackcomm/go-gitignore v0.0.0-20170627025303-887ab5e44cc3 h1:HVTnpeuvF6Owjd5mniCL8DEXo7uYXdQEmOP4FJbV5tg=
github.com/crackcomm/go-gitignore v0.0.0-20170627025303-887ab5e44cc3/go.mod h1:p1d6YEZWvFzEh4KLyvBcVSnrfNDDvK2zfK/4x2v/4pE=
github.com/davecgh/go-spew v1.1.1 h1:vj9j/u1bqnvCEfJOwUhtlOARqs3+rkHYY13jYWTU97c=
github.com/ipfs/go-libipfs v0.4.0 h1:TkUxJGjtPnSzAgkw7VjS0/DBay3MPjmTBa4dGdUQCDE=
github.com/ipfs/go-libipfs v0.4.0/go.mod h1:XsU2cP9jBhDrXoJDe0WxikB8XcVmD3k2MEZvB3dbYu8=
github.com/pmezard/go-difflib v1.0.0 h1:4DBwDE0NGyQoBHbLQYPwSUPoCMWR5BEzIk/f1lZbAQM=
github.com/stretchr/testify v1.8.1 h1:w7B6lhMri9wdJUVmEZPGGhZzrYTPvgJArz7wNPgYKsk=
golang.org/x/sys v0.0.0-20220811171246-fbc7d0a398ab h1:2QkjZIsXupsJbJIdSjjUOgWK3aEtzyuh2mPt3l/CkeU=
golang.org/x/sys v0.0.0-20220811171246-fbc7d0a398ab/go.mod h1:oPkhp1MJrh7nUepCBck5+mAzfO9JrbApNNgaTdGDITg=
gopkg.in/yaml.v3 v3.0.1 h1:fxVm/GzAzEWqLHuvctI91KS9hhNmmWOoWu0XTYJS7CA=
